
Microsoft Visual Studio Solution File, Format Version 12.00
# Visual Studio Version 16
VisualStudioVersion = 16.0.29215.179
MinimumVisualStudioVersion = 10.0.40219.1
Project("{FAE04EC0-301F-11D3-BF4B-00C04F79EFBC}") = "Sol_Routing", "Sol_Routing\Sol_Routing.csproj", "{29F7F295-45D1-4C58-AD8E-64A01ADF6A2B}"
EndProject
Global
	GlobalSection(SolutionConfigurationPlatforms) = preSolution
		Debug|Any CPU = Debug|Any CPU
		Release|Any CPU = Release|Any CPU
	EndGlobalSection
	GlobalSection(ProjectConfigurationPlatforms) = postSolution
		{29F7F295-45D1-4C58-AD8E-64A01ADF6A2B}.Debug|Any CPU.ActiveCfg = Debug|Any CPU
		{29F7F295-45D1-4C58-AD8E-64A01ADF6A2B}.Debug|Any CPU.Build.0 = Debug|Any CPU
		{29F7F295-45D1-4C58-AD8E-64A01ADF6A2B}.Release|Any CPU.ActiveCfg = Release|Any CPU
		{29F7F295-45D1-4C58-AD8E-64A01ADF6A2B}.Release|Any CPU.Build.0 = Release|Any CPU
	EndGlobalSection
	GlobalSection(SolutionProperties) = preSolution
		HideSolutionNode = FALSE
	EndGlobalSection
	GlobalSection(ExtensibilityGlobals) = postSolution
		SolutionGuid = {7559B966-A7B0-4985-A29F-78F1D56E7161}
	EndGlobalSection
EndGlobal
